
Microsoft Visual Studio Solution File, Format Version 12.00
# Visual Studio 2015
Project("{FAE04EC0-301F-11D3-BF4B-00C04F79EFBC}") = "Circuit Hero Unity Project Version A3.CSharp", "Circuit Hero Unity Project Version A3.CSharp.csproj", "{9C5E14E2-429A-05BE-3FDE-2F5191282FC7}"
EndProject
Global
	GlobalSection(SolutionConfigurationPlatforms) = preSolution
		Debug|Any CPU = Debug|Any CPU
		Release|Any CPU = Release|Any CPU
	EndGlobalSection
	GlobalSection(ProjectConfigurationPlatforms) = postSolution
		{9C5E14E2-429A-05BE-3FDE-2F5191282FC7}.Debug|Any CPU.ActiveCfg = Debug|Any CPU
		{9C5E14E2-429A-05BE-3FDE-2F5191282FC7}.Debug|Any CPU.Build.0 = Debug|Any CPU
		{9C5E14E2-429A-05BE-3FDE-2F5191282FC7}.Release|Any CPU.ActiveCfg = Release|Any CPU
		{9C5E14E2-429A-05BE-3FDE-2F5191282FC7}.Release|Any CPU.Build.0 = Release|Any CPU
	EndGlobalSection
	GlobalSection(SolutionProperties) = preSolution
		HideSolutionNode = FALSE
	EndGlobalSection
EndGlobal
