
Microsoft Visual Studio Solution File, Format Version 12.00
# Visual Studio 2015
Project("{FAE04EC0-301F-11D3-BF4B-00C04F79EFBC}") = "Circuit Hero Unity Project Version A4.CSharp", "Circuit Hero Unity Project Version A4.CSharp.csproj", "{42326BA9-27B2-D537-1DFC-C03F18A2474B}"
EndProject
Global
	GlobalSection(SolutionConfigurationPlatforms) = preSolution
		Debug|Any CPU = Debug|Any CPU
		Release|Any CPU = Release|Any CPU
	EndGlobalSection
	GlobalSection(ProjectConfigurationPlatforms) = postSolution
		{42326BA9-27B2-D537-1DFC-C03F18A2474B}.Debug|Any CPU.ActiveCfg = Debug|Any CPU
		{42326BA9-27B2-D537-1DFC-C03F18A2474B}.Debug|Any CPU.Build.0 = Debug|Any CPU
		{42326BA9-27B2-D537-1DFC-C03F18A2474B}.Release|Any CPU.ActiveCfg = Release|Any CPU
		{42326BA9-27B2-D537-1DFC-C03F18A2474B}.Release|Any CPU.Build.0 = Release|Any CPU
	EndGlobalSection
	GlobalSection(SolutionProperties) = preSolution
		HideSolutionNode = FALSE
	EndGlobalSection
EndGlobal
