
Microsoft Visual Studio Solution File, Format Version 12.00
# Visual Studio 2015
Project("{FAE04EC0-301F-11D3-BF4B-00C04F79EFBC}") = "UnityVS.Circuit Hero Unity Project V4.CSharp", "UnityVS.Circuit Hero Unity Project V4.CSharp.csproj", "{2FB2DACA-3C74-9232-594F-771C047F2A7B}"
EndProject
Project("{FAE04EC0-301F-11D3-BF4B-00C04F79EFBC}") = "UnityVS.Circuit Hero Unity Project V4.CSharp.Editor", "UnityVS.Circuit Hero Unity Project V4.CSharp.Editor.csproj", "{A3FA9D85-1AFF-C33B-CEF4-29FE31B1849C}"
EndProject
Global
	GlobalSection(SolutionConfigurationPlatforms) = preSolution
		Debug|Any CPU = Debug|Any CPU
		Release|Any CPU = Release|Any CPU
	EndGlobalSection
	GlobalSection(ProjectConfigurationPlatforms) = postSolution
		{2FB2DACA-3C74-9232-594F-771C047F2A7B}.Debug|Any CPU.ActiveCfg = Debug|Any CPU
		{2FB2DACA-3C74-9232-594F-771C047F2A7B}.Debug|Any CPU.Build.0 = Debug|Any CPU
		{2FB2DACA-3C74-9232-594F-771C047F2A7B}.Release|Any CPU.ActiveCfg = Release|Any CPU
		{2FB2DACA-3C74-9232-594F-771C047F2A7B}.Release|Any CPU.Build.0 = Release|Any CPU
		{A3FA9D85-1AFF-C33B-CEF4-29FE31B1849C}.Debug|Any CPU.ActiveCfg = Debug|Any CPU
		{A3FA9D85-1AFF-C33B-CEF4-29FE31B1849C}.Debug|Any CPU.Build.0 = Debug|Any CPU
		{A3FA9D85-1AFF-C33B-CEF4-29FE31B1849C}.Release|Any CPU.ActiveCfg = Release|Any CPU
		{A3FA9D85-1AFF-C33B-CEF4-29FE31B1849C}.Release|Any CPU.Build.0 = Release|Any CPU
	EndGlobalSection
	GlobalSection(SolutionProperties) = preSolution
		HideSolutionNode = FALSE
	EndGlobalSection
EndGlobal
