
Microsoft Visual Studio Solution File, Format Version 12.00
# Visual Studio 2015
Project("{FAE04EC0-301F-11D3-BF4B-00C04F79EFBC}") = "UnityVS.Circuit Hero Unity Project V1.CSharp.Plugins", "UnityVS.Circuit Hero Unity Project V1.CSharp.Plugins.csproj", "{5929569D-6482-133A-2C3E-65C1640B6CE6}"
EndProject
Project("{FAE04EC0-301F-11D3-BF4B-00C04F79EFBC}") = "UnityVS.Circuit Hero Unity Project V1.CSharp", "UnityVS.Circuit Hero Unity Project V1.CSharp.csproj", "{0EA78B6B-83D2-B55D-4ECA-4AE7F616F538}"
EndProject
Project("{FAE04EC0-301F-11D3-BF4B-00C04F79EFBC}") = "UnityVS.Circuit Hero Unity Project V1.CSharp.Editor", "UnityVS.Circuit Hero Unity Project V1.CSharp.Editor.csproj", "{AA828D27-E6B7-4BB1-CD2F-99EA9C741D92}"
EndProject
Global
	GlobalSection(SolutionConfigurationPlatforms) = preSolution
		Debug|Any CPU = Debug|Any CPU
		Release|Any CPU = Release|Any CPU
	EndGlobalSection
	GlobalSection(ProjectConfigurationPlatforms) = postSolution
		{5929569D-6482-133A-2C3E-65C1640B6CE6}.Debug|Any CPU.ActiveCfg = Debug|Any CPU
		{5929569D-6482-133A-2C3E-65C1640B6CE6}.Debug|Any CPU.Build.0 = Debug|Any CPU
		{5929569D-6482-133A-2C3E-65C1640B6CE6}.Release|Any CPU.ActiveCfg = Release|Any CPU
		{5929569D-6482-133A-2C3E-65C1640B6CE6}.Release|Any CPU.Build.0 = Release|Any CPU
		{0EA78B6B-83D2-B55D-4ECA-4AE7F616F538}.Debug|Any CPU.ActiveCfg = Debug|Any CPU
		{0EA78B6B-83D2-B55D-4ECA-4AE7F616F538}.Debug|Any CPU.Build.0 = Debug|Any CPU
		{0EA78B6B-83D2-B55D-4ECA-4AE7F616F538}.Release|Any CPU.ActiveCfg = Release|Any CPU
		{0EA78B6B-83D2-B55D-4ECA-4AE7F616F538}.Release|Any CPU.Build.0 = Release|Any CPU
		{AA828D27-E6B7-4BB1-CD2F-99EA9C741D92}.Debug|Any CPU.ActiveCfg = Debug|Any CPU
		{AA828D27-E6B7-4BB1-CD2F-99EA9C741D92}.Debug|Any CPU.Build.0 = Debug|Any CPU
		{AA828D27-E6B7-4BB1-CD2F-99EA9C741D92}.Release|Any CPU.ActiveCfg = Release|Any CPU
		{AA828D27-E6B7-4BB1-CD2F-99EA9C741D92}.Release|Any CPU.Build.0 = Release|Any CPU
	EndGlobalSection
	GlobalSection(SolutionProperties) = preSolution
		HideSolutionNode = FALSE
	EndGlobalSection
EndGlobal
